{
  "lockfile_version": "1",
  "packages": {
    "glibcLocales@latest": {
      "last_modified": "2026-09-29T03:29:29Z",
      "resolved": "github:NixOS/nixpkgs/b6c8664de9b6cc07fe5666a29f91884ba81197c4#glibcLocales",
      "source": "devbox-search",
      "version": "2.44-25",
      "systems": {
        "aarch64-linux": {
          "outputs": [
            {
              "name": "out",
              "path": "/nix/store/ywzmjizz5nn5bgahbhxhmawz7gmf6mn2-glibc-locales-2.44-25",
              "default": true
            }
          ],
          "store_path": "/nix/store/ywzmjizz5nn5bgahbhxhmawz7gmf6mn2-glibc-locales-2.44-25"
        },
        "x86_64-linux": {
          "outputs": [
            {
              "name": "out",
              "path": "/nix/store/ig5ylfz7qcgpmvzip4pxfkp2pfi76s2j-glibc-locales-2.44-25",
              "default": true
            }
          ],
          "store_path": "/nix/store/ig5ylfz7qcgpmvzip4pxfkp2pfi76s2j-glibc-locales-2.44-25"
        }
      }
    },
    "poetry@latest": {
      "last_modified": "2023-11-23T16:10:41Z",
      "plugin_version": "0.0.6",
      "resolved": "github:NixOS/nixpkgs/e8b0430bc4c4235607ae102010dec2ba32e8c0ca#poetry",
      "source": "devbox-search",
      "version": "1.7.0",
      "systems": {
        "aarch64-darwin": {
          "store_path": "/nix/store/11713v1m45j2xph7cb0vrr9pfvl3jwh0-python3.11-poetry-1.7.0"
        },
        "aarch64-linux": {
          "store_path": "/nix/store/zrhqsjxn17p0w99fp31wqmzi4v6daqr5-python3.11-poetry-1.7.0"
        },
        "x86_64-darwin": {
          "store_path": "/nix/store/fwjkdxri5zfyjq4h4y8b7mc9nm37l6fz-python3.11-poetry-1.7.0"
        },
        "x86_64-linux": {
          "store_path": "/nix/store/8vghzmkima78y49nqjg7cdfxc807jcv0-python3.11-poetry-1.7.0"
        }
      }
    },
    "postgresql@latest": {
      "last_modified": "2023-11-24T00:36:48Z",
      "plugin_version": "0.0.2",
      "resolved": "github:NixOS/nixpkgs/8b8c9407844599546393146bfac901290e0ab96b#postgresql",
      "source": "devbox-search",
      "version": "15.5",
      "systems": {
        "aarch64-darwin": {
          "store_path": "/nix/store/d7fbzdcxqdzbr2685xv734y26p520m7d-postgresql-15.5"
        },
        "aarch64-linux": {
          "store_path": "/nix/store/vgz65fw2xaxc0nm87z85hpc2wqrcfv5b-postgresql-15.5"
        },
        "x86_64-darwin": {
          "store_path": "/nix/store/s241wqjizz77lgvkw7yj2ghpsld5bcl9-postgresql-15.5"
        },
        "x86_64-linux": {
          "store_path": "/nix/store/hxpwfhslscfak9vh9ksxbzzpbkqlspgh-postgresql-15.5"
        }
      }
    },
    "python3@latest": {
      "last_modified": "2023-11-17T14:14:56Z",
      "plugin_version": "0.0.5",
      "resolved": "github:NixOS/nixpkgs/a71323f68d4377d12c04a5410e214495ec598d4c#python3",
      "source": "devbox-search",
      "version": "3.11.6",
      "systems": {
        "aarch64-darwin": {
          "store_path": "/nix/store/ai4hd8f1xhr0rfjdr17bxx1rwi42sx97-python3-3.11.6"
        },
        "aarch64-linux": {
          "store_path": "/nix/store/7ahkv87jj59z90yal5dcrgagz58cqmz6-python3-3.11.6"
        },
        "x86_64-darwin": {
          "store_path": "/nix/store/dc4xnyqi2kh25f1c74dfczxw95anbhhr-python3-3.11.6"
        },
        "x86_64-linux": {
          "store_path": "/nix/store/qp5zys77biz7imbk6yy85q5pdv7qk84j-python3-3.11.6"
        }
      }
    },
    "ruby@3.4.9": {
      "last_modified": "2026-09-29T03:29:29Z",
      "plugin_version": "0.0.2",
      "resolved": "github:NixOS/nixpkgs/b6c8664de9b6cc07fe5666a29f91884ba81197c4#ruby",
      "source": "devbox-search",
      "version": "3.4.9",
      "systems": {
        "aarch64-darwin": {
          "outputs": [
            {
              "name": "out",
              "path": "/nix/store/2p1pc136iqldfixb3mc1v9pjry9hmn96-ruby-3.4.9",
              "default": true
            },
            {
              "name": "devdoc",
              "path": "/nix/store/p3298cwkbw62kij5rcb4f8bgcgdksmcy-ruby-3.4.9-devdoc"
            }
          ],
          "store_path": "/nix/store/2p1pc136iqldfixb3mc1v9pjry9hmn96-ruby-3.4.9"
        },
        "aarch64-linux": {
          "outputs": [
            {
              "name": "out",
              "path": "/nix/store/257w9jlyqshbkki5j8v0fxi563xk736r-ruby-3.4.9",
              "default": true
            },
            {
              "name": "devdoc",
              "path": "/nix/store/4aifzyrpzcf34xlznvyn5vbmsgk8jb2a-ruby-3.4.9-devdoc"
            }
          ],
          "store_path": "/nix/store/257w9jlyqshbkki5j8v0fxi563xk736r-ruby-3.4.9"
        },
        "x86_64-darwin": {
          "outputs": [
            {
              "name": "out",
              "path": "/nix/store/pj6sw5j7inzw14nx4mhad31bqr5xa7ky-ruby-3.4.9",
              "default": true
            },
            {
              "name": "devdoc",
              "path": "/nix/store/rmqxa47vl3klg1ry4p8h3l1vigscqkk6-ruby-3.4.9-devdoc"
            }
          ],
          "store_path": "/nix/store/pj6sw5j7inzw14nx4mhad31bqr5xa7ky-ruby-3.4.9"
        },
        "x86_64-linux": {
          "outputs": [
            {
              "name": "out",
              "path": "/nix/store/iyd558hxy13w8khrlvhnv64wx28j3sqh-ruby-3.4.9",
              "default": true
            },
            {
              "name": "devdoc",
              "path": "/nix/store/z82c5ag9y7l0835ba9jz5zbbvvxcfnk3-ruby-3.4.9-devdoc"
            }
          ],
          "store_path": "/nix/store/iyd558hxy13w8khrlvhnv64wx28j3sqh-ruby-3.4.9"
        }
      }
    }
  }
}
