{
  "lockfile_version": "1",
  "packages": {
    "glibcLocales@latest": {
      "last_modified": "2026-07-23T05:10:05Z",
      "resolved": "github:NixOS/nixpkgs/7525d999cd850b9a488817abc89c75dc733acf17#glibcLocales",
      "source": "devbox-search",
      "version": "2.42-67",
      "systems": {
        "aarch64-linux": {
          "outputs": [
            {
              "name": "out",
              "path": "/nix/store/8zkbf0gj49l4kz5y0ffw0wikarlp8i7s-glibc-locales-2.42-67",
              "default": true
            }
          ],
          "store_path": "/nix/store/8zkbf0gj49l4kz5y0ffw0wikarlp8i7s-glibc-locales-2.42-67"
        },
        "x86_64-linux": {
          "outputs": [
            {
              "name": "out",
              "path": "/nix/store/99jy9rzfzr9hf8lryisxn39nbc8xfw5d-glibc-locales-2.42-67",
              "default": true
            }
          ],
          "store_path": "/nix/store/99jy9rzfzr9hf8lryisxn39nbc8xfw5d-glibc-locales-2.42-67"
        }
      }
    },
    "poetry@1.8.5": {
      "last_modified": "2025-01-07T09:15:50Z",
      "plugin_version": "0.0.5",
      "resolved": "github:NixOS/nixpkgs/8c9fd3e564728e90829ee7dbac6edc972971cd0f#poetry",
      "source": "devbox-search",
      "version": "1.8.5",
      "systems": {
        "aarch64-darwin": {
          "outputs": [
            {
              "name": "out",
              "path": "/nix/store/7byk413j70l3lik0n32siyqakp3g9a0m-python3.12-poetry-1.8.5",
              "default": true
            },
            {
              "name": "dist",
              "path": "/nix/store/s21gsbchsrydkbvl7ngjin34n2r19r0m-python3.12-poetry-1.8.5-dist"
            }
          ],
          "store_path": "/nix/store/7byk413j70l3lik0n32siyqakp3g9a0m-python3.12-poetry-1.8.5"
        },
        "aarch64-linux": {
          "outputs": [
            {
              "name": "out",
              "path": "/nix/store/bkg1mcsppg2cl8wi06aybpqsrbrl5kwc-python3.12-poetry-1.8.5",
              "default": true
            },
            {
              "name": "dist",
              "path": "/nix/store/jrrinpjm4pymf1zmd1ij9j7fgxgsmflf-python3.12-poetry-1.8.5-dist"
            }
          ],
          "store_path": "/nix/store/bkg1mcsppg2cl8wi06aybpqsrbrl5kwc-python3.12-poetry-1.8.5"
        },
        "x86_64-darwin": {
          "outputs": [
            {
              "name": "out",
              "path": "/nix/store/vy4rvacd91pim4xk9f745q84lswg5zhp-python3.12-poetry-1.8.5",
              "default": true
            },
            {
              "name": "dist",
              "path": "/nix/store/qhl9gjps5ay3y18lyrzzd6bx7c320bsb-python3.12-poetry-1.8.5-dist"
            }
          ],
          "store_path": "/nix/store/vy4rvacd91pim4xk9f745q84lswg5zhp-python3.12-poetry-1.8.5"
        },
        "x86_64-linux": {
          "outputs": [
            {
              "name": "out",
              "path": "/nix/store/192mhmmnk28371l1yij4i2pjlixvjf8p-python3.12-poetry-1.8.5",
              "default": true
            },
            {
              "name": "dist",
              "path": "/nix/store/8gj3h8w0ii2ijdcpbyzah84k94rd15lq-python3.12-poetry-1.8.5-dist"
            }
          ],
          "store_path": "/nix/store/192mhmmnk28371l1yij4i2pjlixvjf8p-python3.12-poetry-1.8.5"
        }
      }
    },
    "postgresql@latest": {
      "last_modified": "2023-11-24T00:36:48Z",
      "plugin_version": "0.0.2",
      "resolved": "github:NixOS/nixpkgs/8b8c9407844599546393146bfac901290e0ab96b#postgresql",
      "source": "devbox-search",
      "version": "15.5",
      "systems": {
        "aarch64-darwin": {
          "store_path": "/nix/store/d7fbzdcxqdzbr2685xv734y26p520m7d-postgresql-15.5"
        },
        "aarch64-linux": {
          "store_path": "/nix/store/vgz65fw2xaxc0nm87z85hpc2wqrcfv5b-postgresql-15.5"
        },
        "x86_64-darwin": {
          "store_path": "/nix/store/s241wqjizz77lgvkw7yj2ghpsld5bcl9-postgresql-15.5"
        },
        "x86_64-linux": {
          "store_path": "/nix/store/hxpwfhslscfak9vh9ksxbzzpbkqlspgh-postgresql-15.5"
        }
      }
    },
    "python3@latest": {
      "last_modified": "2023-11-17T14:14:56Z",
      "plugin_version": "0.0.5",
      "resolved": "github:NixOS/nixpkgs/a71323f68d4377d12c04a5410e214495ec598d4c#python3",
      "source": "devbox-search",
      "version": "3.11.6",
      "systems": {
        "aarch64-darwin": {
          "store_path": "/nix/store/ai4hd8f1xhr0rfjdr17bxx1rwi42sx97-python3-3.11.6"
        },
        "aarch64-linux": {
          "store_path": "/nix/store/7ahkv87jj59z90yal5dcrgagz58cqmz6-python3-3.11.6"
        },
        "x86_64-darwin": {
          "store_path": "/nix/store/dc4xnyqi2kh25f1c74dfczxw95anbhhr-python3-3.11.6"
        },
        "x86_64-linux": {
          "store_path": "/nix/store/qp5zys77biz7imbk6yy85q5pdv7qk84j-python3-3.11.6"
        }
      }
    },
    "ruby@3.2.2": {
      "last_modified": "2023-11-17T14:14:56Z",
      "plugin_version": "0.0.2",
      "resolved": "github:NixOS/nixpkgs/a71323f68d4377d12c04a5410e214495ec598d4c#ruby_3_2",
      "source": "devbox-search",
      "version": "3.2.2",
      "systems": {
        "aarch64-darwin": {
          "store_path": "/nix/store/hff15k475cbvi9kx350g8ha2ayqycmss-ruby-3.2.2"
        },
        "aarch64-linux": {
          "store_path": "/nix/store/2cjnl2sxyd2kr1lnwswfcim2p98wzill-ruby-3.2.2"
        },
        "x86_64-darwin": {
          "store_path": "/nix/store/v7adxlgsgyas0zwirfssh2pyi9icfpk5-ruby-3.2.2"
        },
        "x86_64-linux": {
          "store_path": "/nix/store/cym9m41909x2fihq7xrzv5vivjjf60gj-ruby-3.2.2"
        }
      }
    }
  }
}
